
Microsoft Visual Studio Solution File, Format Version 12.00
Project("{FAE04EC0-301F-11D3-BF4B-00C04F79EFBC}") = "SudokuLibraryTest", "SudokuLibraryTest\SudokuLibraryTest.csproj", "{DCD15404-1CC7-4818-BCFF-AC107FA9D459}"
EndProject
Project("{FAE04EC0-301F-11D3-BF4B-00C04F79EFBC}") = "SudokuLibrary", "SudokuLibrary\SudokuLibrary.csproj", "{F11DC746-AE7B-4C64-897D-A26066E50676}"
EndProject
Global
	GlobalSection(SolutionConfigurationPlatforms) = preSolution
		Debug|Any CPU = Debug|Any CPU
		Release|Any CPU = Release|Any CPU
	EndGlobalSection
	GlobalSection(ProjectConfigurationPlatforms) = postSolution
		{DCD15404-1CC7-4818-BCFF-AC107FA9D459}.Debug|Any CPU.ActiveCfg = Debug|Any CPU
		{DCD15404-1CC7-4818-BCFF-AC107FA9D459}.Debug|Any CPU.Build.0 = Debug|Any CPU
		{DCD15404-1CC7-4818-BCFF-AC107FA9D459}.Release|Any CPU.ActiveCfg = Release|Any CPU
		{DCD15404-1CC7-4818-BCFF-AC107FA9D459}.Release|Any CPU.Build.0 = Release|Any CPU
		{F11DC746-AE7B-4C64-897D-A26066E50676}.Debug|Any CPU.ActiveCfg = Debug|Any CPU
		{F11DC746-AE7B-4C64-897D-A26066E50676}.Debug|Any CPU.Build.0 = Debug|Any CPU
		{F11DC746-AE7B-4C64-897D-A26066E50676}.Release|Any CPU.ActiveCfg = Release|Any CPU
		{F11DC746-AE7B-4C64-897D-A26066E50676}.Release|Any CPU.Build.0 = Release|Any CPU
	EndGlobalSection
EndGlobal
